
Microsoft Visual Studio Solution File, Format Version 12.00
# Visual Studio Version 17
VisualStudioVersion = 17.0.31903.59
MinimumVisualStudioVersion = 10.0.40219.1
Project("{2150E333-8FDC-42A3-9474-1A3956D46DE8}") = "src", "src", "{F5BC4C87-5A85-49E4-A14E-1DF742991585}"
EndProject
Project("{FAE04EC0-301F-11D3-BF4B-00C04F79EFBC}") = "WingetGUI", "src\WingetGUI\WingetGUI.csproj", "{76A99B63-671F-46BC-8636-85E382F2F050}"
EndProject
Project("{FAE04EC0-301F-11D3-BF4B-00C04F79EFBC}") = "WingetGUI.Core", "src\WingetGUI.Core\WingetGUI.Core.csproj", "{E8E43AB5-F071-40E0-B4C4-21B6B40C994E}"
EndProject
Project("{2150E333-8FDC-42A3-9474-1A3956D46DE8}") = "tests", "tests", "{27E3D305-8F8D-4EDA-917D-DF37E32CB23A}"
EndProject
Project("{FAE04EC0-301F-11D3-BF4B-00C04F79EFBC}") = "WingetGUI.Tests.MSTest", "tests\WingetGUI.Tests.MSTest\WingetGUI.Tests.MSTest.csproj", "{E4F7EBC1-552A-4B4E-966A-9B352E6BCB7B}"
EndProject
Global
	GlobalSection(SolutionConfigurationPlatforms) = preSolution
		Debug|Any CPU = Debug|Any CPU
		Release|Any CPU = Release|Any CPU
	EndGlobalSection
	GlobalSection(SolutionProperties) = preSolution
		HideSolutionNode = FALSE
	EndGlobalSection
	GlobalSection(ProjectConfigurationPlatforms) = postSolution
		{76A99B63-671F-46BC-8636-85E382F2F050}.Debug|Any CPU.ActiveCfg = Debug|x86
		{76A99B63-671F-46BC-8636-85E382F2F050}.Debug|Any CPU.Build.0 = Debug|x86
		{76A99B63-671F-46BC-8636-85E382F2F050}.Release|Any CPU.ActiveCfg = Release|x86
		{76A99B63-671F-46BC-8636-85E382F2F050}.Release|Any CPU.Build.0 = Release|x86
		{E8E43AB5-F071-40E0-B4C4-21B6B40C994E}.Debug|Any CPU.ActiveCfg = Debug|Any CPU
		{E8E43AB5-F071-40E0-B4C4-21B6B40C994E}.Debug|Any CPU.Build.0 = Debug|Any CPU
		{E8E43AB5-F071-40E0-B4C4-21B6B40C994E}.Release|Any CPU.ActiveCfg = Release|Any CPU
		{E8E43AB5-F071-40E0-B4C4-21B6B40C994E}.Release|Any CPU.Build.0 = Release|Any CPU
		{E4F7EBC1-552A-4B4E-966A-9B352E6BCB7B}.Debug|Any CPU.ActiveCfg = Debug|x86
		{E4F7EBC1-552A-4B4E-966A-9B352E6BCB7B}.Debug|Any CPU.Build.0 = Debug|x86
		{E4F7EBC1-552A-4B4E-966A-9B352E6BCB7B}.Release|Any CPU.ActiveCfg = Release|x86
		{E4F7EBC1-552A-4B4E-966A-9B352E6BCB7B}.Release|Any CPU.Build.0 = Release|x86
	EndGlobalSection
	GlobalSection(NestedProjects) = preSolution
		{76A99B63-671F-46BC-8636-85E382F2F050} = {F5BC4C87-5A85-49E4-A14E-1DF742991585}
		{E8E43AB5-F071-40E0-B4C4-21B6B40C994E} = {F5BC4C87-5A85-49E4-A14E-1DF742991585}
		{E4F7EBC1-552A-4B4E-966A-9B352E6BCB7B} = {27E3D305-8F8D-4EDA-917D-DF37E32CB23A}
	EndGlobalSection
EndGlobal
